<?xml version="1.0" encoding="utf-8"?>
<Project ToolsVersion="4.0" xmlns="http://schemas.microsoft.com/developer/msbuild/2003">
  <ItemGroup>
    <ClCompile Include="..\src\cpl\task.cpp" />
  </ItemGroup>
  <ItemGroup>
    <ClInclude Include="..\inlcude\cpl\task.h" />
    <ClInclude Include="..\inlcude\cpl\concurrent_queue.h" />
  </ItemGroup>
</Project>